// !$*UTF8*$!
{
	archiveVersion = 1;
	classes = {
	};
	objectVersion = 56;
	objects = {

/* Begin PBXBuildFile section */
		1034E24A2B40D79D00722749 /* ToDoListItem+CoreDataClass.swift in Sources */ = {isa = PBXBuildFile; fileRef = 1034E2482B40D79D00722749 /* ToDoListItem+CoreDataClass.swift */; };
		1034E24B2B40D79D00722749 /* ToDoListItem+CoreDataProperties.swift in Sources */ = {isa = PBXBuildFile; fileRef = 1034E2492B40D79D00722749 /* ToDoListItem+CoreDataProperties.swift */; };
		109E16A82B3DBF0A00A4E5FA /* ListApp5.xcdatamodeld in Sources */ = {isa = PBXBuildFile; fileRef = 109E16A62B3DBF0A00A4E5FA /* ListApp5.xcdatamodeld */; };
		10D1E47F2B3CA1F200848800 /* AppDelegate.swift in Sources */ = {isa = PBXBuildFile; fileRef = 10D1E47E2B3CA1F200848800 /* AppDelegate.swift */; };
		10D1E4812B3CA1F200848800 /* SceneDelegate.swift in Sources */ = {isa = PBXBuildFile; fileRef = 10D1E4802B3CA1F200848800 /* SceneDelegate.swift */; };
		10D1E4832B3CA1F200848800 /* ViewController.swift in Sources */ = {isa = PBXBuildFile; fileRef = 10D1E4822B3CA1F200848800 /* ViewController.swift */; };
		10D1E4862B3CA1F200848800 /* Main.storyboard in Resources */ = {isa = PBXBuildFile; fileRef = 10D1E4842B3CA1F200848800 /* Main.storyboard */; };
		10D1E4882B3CA1F300848800 /* Assets.xcassets in Resources */ = {isa = PBXBuildFile; fileRef = 10D1E4872B3CA1F300848800 /* Assets.xcassets */; };
		10D1E48B2B3CA1F300848800 /* LaunchScreen.storyboard in Resources */ = {isa = PBXBuildFile; fileRef = 10D1E4892B3CA1F300848800 /* LaunchScreen.storyboard */; };
/* End PBXBuildFile section */

/* Begin PBXFileReference section */
		1034E2482B40D79D00722749 /* ToDoListItem+CoreDataClass.swift */ = {isa = PBXFileReference; lastKnownFileType = sourcecode.swift; path = "ToDoListItem+CoreDataClass.swift"; sourceTree = "<group>"; };
		1034E2492B40D79D00722749 /* ToDoListItem+CoreDataProperties.swift */ = {isa = PBXFileReference; lastKnownFileType = sourcecode.swift; path = "ToDoListItem+CoreDataProperties.swift"; sourceTree = "<group>"; };
		109E16A72B3DBF0A00A4E5FA /* ListApp5.xcdatamodel */ = {isa = PBXFileReference; lastKnownFileType = wrapper.xcdatamodel; path = ListApp5.xcdatamodel; sourceTree = "<group>"; };
		10D1E47B2B3CA1F200848800 /* ListApp5.app */ = {isa = PBXFileReference; explicitFileType = wrapper.application; includeInIndex = 0; path = ListApp5.app; sourceTree = BUILT_PRODUCTS_DIR; };
		10D1E47E2B3CA1F200848800 /* AppDelegate.swift */ = {isa = PBXFileReference; lastKnownFileType = sourcecode.swift; path = AppDelegate.swift; sourceTree = "<group>"; };
		10D1E4802B3CA1F200848800 /* SceneDelegate.swift */ = {isa = PBXFileReference; lastKnownFileType = sourcecode.swift; path = SceneDelegate.swift; sourceTree = "<group>"; };
		10D1E4822B3CA1F200848800 /* ViewController.swift */ = {isa = PBXFileReference; lastKnownFileType = sourcecode.swift; path = ViewController.swift; sourceTree = "<group>"; };
		10D1E4852B3CA1F200848800 /* Base */ = {isa = PBXFileReference; lastKnownFileType = file.storyboard; name = Base; path = Base.lproj/Main.storyboard; sourceTree = "<group>"; };
		10D1E4872B3CA1F300848800 /* Assets.xcassets */ = {isa = PBXFileReference; lastKnownFileType = folder.assetcatalog; path = Assets.xcassets; sourceTree = "<group>"; };
		10D1E48A2B3CA1F300848800 /* Base */ = {isa = PBXFileReference; lastKnownFileType = file.storyboard; name = Base; path = Base.lproj/LaunchScreen.storyboard; sourceTree = "<group>"; };
		10D1E48C2B3CA1F300848800 /* Info.plist */ = {isa = PBXFileReference; lastKnownFileType = text.plist.xml; path = Info.plist; sourceTree = "<group>"; };
/* End PBXFileReference section */

/* Begin PBXFrameworksBuildPhase section */
		10D1E4782B3CA1F200848800 /* Frameworks */ = {
			isa = PBXFrameworksBuildPhase;
			buildActionMask = 2147483647;
			files = (
			);
			runOnlyForDeploymentPostprocessing = 0;
		};
/* End PBXFrameworksBuildPhase section */

/* Begin PBXGroup section */
		109E16AD2B3DC28900A4E5FA /* Model */ = {
			isa = PBXGroup;
			children = (
				1034E2482B40D79D00722749 /* ToDoListItem+CoreDataClass.swift */,
				1034E2492B40D79D00722749 /* ToDoListItem+CoreDataProperties.swift */,
			);
			path = Model;
			sourceTree = "<group>";
		};
		10D1E4722B3CA1F200848800 = {
			isa = PBXGroup;
			children = (
				10D1E47D2B3CA1F200848800 /* ListApp5 */,
				10D1E47C2B3CA1F200848800 /* Products */,
			);
			sourceTree = "<group>";
		};
		10D1E47C2B3CA1F200848800 /* Products */ = {
			isa = PBXGroup;
			children = (
				10D1E47B2B3CA1F200848800 /* ListApp5.app */,
			);
			name = Products;
			sourceTree = "<group>";
		};
		10D1E47D2B3CA1F200848800 /* ListApp5 */ = {
			isa = PBXGroup;
			children = (
				109E16AD2B3DC28900A4E5FA /* Model */,
				10D1E47E2B3CA1F200848800 /* AppDelegate.swift */,
				10D1E4802B3CA1F200848800 /* SceneDelegate.swift */,
				10D1E4822B3CA1F200848800 /* ViewController.swift */,
				10D1E4842B3CA1F200848800 /* Main.storyboard */,
				10D1E4892B3CA1F300848800 /* LaunchScreen.storyboard */,
				10D1E4872B3CA1F300848800 /* Assets.xcassets */,
				10D1E48C2B3CA1F300848800 /* Info.plist */,
				109E16A62B3DBF0A00A4E5FA /* ListApp5.xcdatamodeld */,
			);
			path = ListApp5;
			sourceTree = "<group>";
		};
/* End PBXGroup section */

/* Begin PBXNativeTarget section */
		10D1E47A2B3CA1F200848800 /* ListApp5 */ = {
			isa = PBXNativeTarget;
			buildConfigurationList = 10D1E48F2B3CA1F300848800 /* Build configuration list for PBXNativeTarget "ListApp5" */;
			buildPhases = (
				10D1E4772B3CA1F200848800 /* Sources */,
				10D1E4782B3CA1F200848800 /* Frameworks */,
				10D1E4792B3CA1F200848800 /* Resources */,
			);
			buildRules = (
			);
			dependencies = (
			);
			name = ListApp5;
			productName = ListApp5;
			productReference = 10D1E47B2B3CA1F200848800 /* ListApp5.app */;
			productType = "com.apple.product-type.application";
		};
/* End PBXNativeTarget section */

/* Begin PBXProject section */
		10D1E4732B3CA1F200848800 /* Project object */ = {
			isa = PBXProject;
			attributes = {
				BuildIndependentTargetsInParallel = 1;
				LastSwiftUpdateCheck = 1510;
				LastUpgradeCheck = 1510;
				TargetAttributes = {
					10D1E47A2B3CA1F200848800 = {
						CreatedOnToolsVersion = 15.1;
					};
				};
			};
			buildConfigurationList = 10D1E4762B3CA1F200848800 /* Build configuration list for PBXProject "ListApp5" */;
			compatibilityVersion = "Xcode 14.0";
			developmentRegion = en;
			hasScannedForEncodings = 0;
			knownRegions = (
				en,
				Base,
			);
			mainGroup = 10D1E4722B3CA1F200848800;
			productRefGroup = 10D1E47C2B3CA1F200848800 /* Products */;
			projectDirPath = "";
			projectRoot = "";
			targets = (
				10D1E47A2B3CA1F200848800 /* ListApp5 */,
			);
		};
/* End PBXProject section */

/* Begin PBXResourcesBuildPhase section */
		10D1E4792B3CA1F200848800 /* Resources */ = {
			isa = PBXResourcesBuildPhase;
			buildActionMask = 2147483647;
			files = (
				10D1E48B2B3CA1F300848800 /* LaunchScreen.storyboard in Resources */,
				10D1E4882B3CA1F300848800 /* Assets.xcassets in Resources */,
				10D1E4862B3CA1F200848800 /* Main.storyboard in Resources */,
			);
			runOnlyForDeploymentPostprocessing = 0;
		};
/* End PBXResourcesBuildPhase section */

/* Begin PBXSourcesBuildPhase section */
		10D1E4772B3CA1F200848800 /* Sources */ = {
			isa = PBXSourcesBuildPhase;
			buildActionMask = 2147483647;
			files = (
				10D1E4832B3CA1F200848800 /* ViewController.swift in Sources */,
				10D1E47F2B3CA1F200848800 /* AppDelegate.swift in Sources */,
				10D1E4812B3CA1F200848800 /* SceneDelegate.swift in Sources */,
				1034E24A2B40D79D00722749 /* ToDoListItem+CoreDataClass.swift in Sources */,
				1034E24B2B40D79D00722749 /* ToDoListItem+CoreDataProperties.swift in Sources */,
				109E16A82B3DBF0A00A4E5FA /* ListApp5.xcdatamodeld in Sources */,
			);
			runOnlyForDeploymentPostprocessing = 0;
		};
/* End PBXSourcesBuildPhase section */

/* Begin PBXVariantGroup section */
		10D1E4842B3CA1F200848800 /* Main.storyboard */ = {
			isa = PBXVariantGroup;
			children = (
				10D1E4852B3CA1F200848800 /* Base */,
			);
			name = Main.storyboard;
			sourceTree = "<group>";
		};
		10D1E4892B3CA1F300848800 /* LaunchScreen.storyboard */ = {
			isa = PBXVariantGroup;
			children = (
				10D1E48A2B3CA1F300848800 /* Base */,
			);
			name = LaunchScreen.storyboard;
			sourceTree = "<group>";
		};
/* End PBXVariantGroup section */

/* Begin XCBuildConfiguration section */
		10D1E48D2B3CA1F300848800 /* Debug */ = {
			isa = XCBuildConfiguration;
			buildSettings = {
				ALWAYS_SEARCH_USER_PATHS = NO;
				ASSETCATALOG_COMPILER_GENERATE_SWIFT_ASSET_SYMBOL_EXTENSIONS = YES;
				CLANG_ANALYZER_NONNULL = YES;
				CLANG_ANALYZER_NUMBER_OBJECT_CONVERSION = YES_AGGRESSIVE;
				CLANG_CXX_LANGUAGE_STANDARD = "gnu++20";
				CLANG_ENABLE_MODULES = YES;
				CLANG_ENABLE_OBJC_ARC = YES;
				CLANG_ENABLE_OBJC_WEAK = YES;
				CLANG_WARN_BLOCK_CAPTURE_AUTORELEASING = YES;
				CLANG_WARN_BOOL_CONVERSION = YES;
				CLANG_WARN_COMMA = YES;
				CLANG_WARN_CONSTANT_CONVERSION = YES;
				CLANG_WARN_DEPRECATED_OBJC_IMPLEMENTATIONS = YES;
				CLANG_WARN_DIRECT_OBJC_ISA_USAGE = YES_ERROR;
				CLANG_WARN_DOCUMENTATION_COMMENTS = YES;
				CLANG_WARN_EMPTY_BODY = YES;
				CLANG_WARN_ENUM_CONVERSION = YES;
				CLANG_WARN_INFINITE_RECURSION = YES;
				CLANG_WARN_INT_CONVERSION = YES;
				CLANG_WARN_NON_LITERAL_NULL_CONVERSION = YES;
				CLANG_WARN_OBJC_IMPLICIT_RETAIN_SELF = YES;
				CLANG_WARN_OBJC_LITERAL_CONVERSION = YES;
				CLANG_WARN_OBJC_ROOT_CLASS = YES_ERROR;
				CLANG_WARN_QUOTED_INCLUDE_IN_FRAMEWORK_HEADER = YES;
				CLANG_WARN_RANGE_LOOP_ANALYSIS = YES;
				CLANG_WARN_STRICT_PROTOTYPES = YES;
				CLANG_WARN_SUSPICIOUS_MOVE = YES;
				CLANG_WARN_UNGUARDED_AVAILABILITY = YES_AGGRESSIVE;
				CLANG_WARN_UNREACHABLE_CODE = YES;
				CLANG_WARN__DUPLICATE_METHOD_MATCH = YES;
				COPY_PHASE_STRIP = NO;
				DEBUG_INFORMATION_FORMAT = dwarf;
				ENABLE_STRICT_OBJC_MSGSEND = YES;
				ENABLE_TESTABILITY = YES;
				ENABLE_USER_SCRIPT_SANDBOXING = YES;
				GCC_C_LANGUAGE_STANDARD = gnu17;
				GCC_DYNAMIC_NO_PIC = NO;
				GCC_NO_COMMON_BLOCKS = YES;
				GCC_OPTIMIZATION_LEVEL = 0;
				GCC_PREPROCESSOR_DEFINITIONS = (
					"DEBUG=1",
					"$(inherited)",
				);
				GCC_WARN_64_TO_32_BIT_CONVERSION = YES;
				GCC_WARN_ABOUT_RETURN_TYPE = YES_ERROR;
				GCC_WARN_UNDECLARED_SELECTOR = YES;
				GCC_WARN_UNINITIALIZED_AUTOS = YES_AGGRESSIVE;
				GCC_WARN_UNUSED_FUNCTION = YES;
				GCC_WARN_UNUSED_VARIABLE = YES;
				IPHONEOS_DEPLOYMENT_TARGET = 17.2;
				LOCALIZATION_PREFERS_STRING_CATALOGS = YES;
				MTL_ENABLE_DEBUG_INFO = INCLUDE_SOURCE;
				MTL_FAST_MATH = YES;
				ONLY_ACTIVE_ARCH = YES;
				SDKROOT = iphoneos;
				SWIFT_ACTIVE_COMPILATION_CONDITIONS = "DEBUG $(inherited)";
				SWIFT_OPTIMIZATION_LEVEL = "-Onone";
			};
			name = Debug;
		};
		10D1E48E2B3CA1F300848800 /* Release */ = {
			isa = XCBuildConfiguration;
			buildSettings = {
				ALWAYS_SEARCH_USER_PATHS = NO;
				ASSETCATALOG_COMPILER_GENERATE_SWIFT_ASSET_SYMBOL_EXTENSIONS = YES;
				CLANG_ANALYZER_NONNULL = YES;
				CLANG_ANALYZER_NUMBER_OBJECT_CONVERSION = YES_AGGRESSIVE;
				CLANG_CXX_LANGUAGE_STANDARD = "gnu++20";
				CLANG_ENABLE_MODULES = YES;
				CLANG_ENABLE_OBJC_ARC = YES;
				CLANG_ENABLE_OBJC_WEAK = YES;
				CLANG_WARN_BLOCK_CAPTURE_AUTORELEASING = YES;
				CLANG_WARN_BOOL_CONVERSION = YES;
				CLANG_WARN_COMMA = YES;
				CLANG_WARN_CONSTANT_CONVERSION = YES;
				CLANG_WARN_DEPRECATED_OBJC_IMPLEMENTATIONS = YES;
				CLANG_WARN_DIRECT_OBJC_ISA_USAGE = YES_ERROR;
				CLANG_WARN_DOCUMENTATION_COMMENTS = YES;
				CLANG_WARN_EMPTY_BODY = YES;
				CLANG_WARN_ENUM_CONVERSION = YES;
				CLANG_WARN_INFINITE_RECURSION = YES;
				CLANG_WARN_INT_CONVERSION = YES;
				CLANG_WARN_NON_LITERAL_NULL_CONVERSION = YES;
				CLANG_WARN_OBJC_IMPLICIT_RETAIN_SELF = YES;
				CLANG_WARN_OBJC_LITERAL_CONVERSION = YES;
				CLANG_WARN_OBJC_ROOT_CLASS = YES_ERROR;
				CLANG_WARN_QUOTED_INCLUDE_IN_FRAMEWORK_HEADER = YES;
				CLANG_WARN_RANGE_LOOP_ANALYSIS = YES;
				CLANG_WARN_STRICT_PROTOTYPES = YES;
				CLANG_WARN_SUSPICIOUS_MOVE = YES;
				CLANG_WARN_UNGUARDED_AVAILABILITY = YES_AGGRESSIVE;
				CLANG_WARN_UNREACHABLE_CODE = YES;
				CLANG_WARN__DUPLICATE_METHOD_MATCH = YES;
				COPY_PHASE_STRIP = NO;
				DEBUG_INFORMATION_FORMAT = "dwarf-with-dsym";
				ENABLE_NS_ASSERTIONS = NO;
				ENABLE_STRICT_OBJC_MSGSEND = YES;
				ENABLE_USER_SCRIPT_SANDBOXING = YES;
				GCC_C_LANGUAGE_STANDARD = gnu17;
				GCC_NO_COMMON_BLOCKS = YES;
				GCC_WARN_64_TO_32_BIT_CONVERSION = YES;
				GCC_WARN_ABOUT_RETURN_TYPE = YES_ERROR;
				GCC_WARN_UNDECLARED_SELECTOR = YES;
				GCC_WARN_UNINITIALIZED_AUTOS = YES_AGGRESSIVE;
				GCC_WARN_UNUSED_FUNCTION = YES;
				GCC_WARN_UNUSED_VARIABLE = YES;
				IPHONEOS_DEPLOYMENT_TARGET = 17.2;
				LOCALIZATION_PREFERS_STRING_CATALOGS = YES;
				MTL_ENABLE_DEBUG_INFO = NO;
				MTL_FAST_MATH = YES;
				SDKROOT = iphoneos;
				SWIFT_COMPILATION_MODE = wholemodule;
				VALIDATE_PRODUCT = YES;
			};
			name = Release;
		};
		10D1E4902B3CA1F300848800 /* Debug */ = {
			isa = XCBuildConfiguration;
			buildSettings = {
				ASSETCATALOG_COMPILER_APPICON_NAME = AppIcon;
				ASSETCATALOG_COMPILER_GLOBAL_ACCENT_COLOR_NAME = AccentColor;
				CODE_SIGN_STYLE = Automatic;
				CURRENT_PROJECT_VERSION = 1;
				GENERATE_INFOPLIST_FILE = YES;
				INFOPLIST_FILE = ListApp5/Info.plist;
				INFOPLIST_KEY_UIApplicationSupportsIndirectInputEvents = YES;
				INFOPLIST_KEY_UILaunchStoryboardName = LaunchScreen;
				INFOPLIST_KEY_UIMainStoryboardFile = Main;
				INFOPLIST_KEY_UISupportedInterfaceOrientations_iPad = "UIInterfaceOrientationPortrait UIInterfaceOrientationPortraitUpsideDown UIInterfaceOrientationLandscapeLeft UIInterfaceOrientationLandscapeRight";
				INFOPLIST_KEY_UISupportedInterfaceOrientations_iPhone = "UIInterfaceOrientationPortrait UIInterfaceOrientationLandscapeLeft UIInterfaceOrientationLandscapeRight";
				LD_RUNPATH_SEARCH_PATHS = (
					"$(inherited)",
					"@executable_path/Frameworks",
				);
				MARKETING_VERSION = 1.0;
				PRODUCT_BUNDLE_IDENTIFIER = me.gul.guray.ListApp5;
				PRODUCT_NAME = "$(TARGET_NAME)";
				SWIFT_EMIT_LOC_STRINGS = YES;
				SWIFT_VERSION = 5.0;
				TARGETED_DEVICE_FAMILY = "1,2";
			};
			name = Debug;
		};
		10D1E4912B3CA1F300848800 /* Release */ = {
			isa = XCBuildConfiguration;
			buildSettings = {
				ASSETCATALOG_COMPILER_APPICON_NAME = AppIcon;
				ASSETCATALOG_COMPILER_GLOBAL_ACCENT_COLOR_NAME = AccentColor;
				CODE_SIGN_STYLE = Automatic;
				CURRENT_PROJECT_VERSION = 1;
				GENERATE_INFOPLIST_FILE = YES;
				INFOPLIST_FILE = ListApp5/Info.plist;
				INFOPLIST_KEY_UIApplicationSupportsIndirectInputEvents = YES;
				INFOPLIST_KEY_UILaunchStoryboardName = LaunchScreen;
				INFOPLIST_KEY_UIMainStoryboardFile = Main;
				INFOPLIST_KEY_UISupportedInterfaceOrientations_iPad = "UIInterfaceOrientationPortrait UIInterfaceOrientationPortraitUpsideDown UIInterfaceOrientationLandscapeLeft UIInterfaceOrientationLandscapeRight";
				INFOPLIST_KEY_UISupportedInterfaceOrientations_iPhone = "UIInterfaceOrientationPortrait UIInterfaceOrientationLandscapeLeft UIInterfaceOrientationLandscapeRight";
				LD_RUNPATH_SEARCH_PATHS = (
					"$(inherited)",
					"@executable_path/Frameworks",
				);
				MARKETING_VERSION = 1.0;
				PRODUCT_BUNDLE_IDENTIFIER = me.gul.guray.ListApp5;
				PRODUCT_NAME = "$(TARGET_NAME)";
				SWIFT_EMIT_LOC_STRINGS = YES;
				SWIFT_VERSION = 5.0;
				TARGETED_DEVICE_FAMILY = "1,2";
			};
			name = Release;
		};
/* End XCBuildConfiguration section */

/* Begin XCConfigurationList section */
		10D1E4762B3CA1F200848800 /* Build configuration list for PBXProject "ListApp5" */ = {
			isa = XCConfigurationList;
			buildConfigurations = (
				10D1E48D2B3CA1F300848800 /* Debug */,
				10D1E48E2B3CA1F300848800 /* Release */,
			);
			defaultConfigurationIsVisible = 0;
			defaultConfigurationName = Release;
		};
		10D1E48F2B3CA1F300848800 /* Build configuration list for PBXNativeTarget "ListApp5" */ = {
			isa = XCConfigurationList;
			buildConfigurations = (
				10D1E4902B3CA1F300848800 /* Debug */,
				10D1E4912B3CA1F300848800 /* Release */,
			);
			defaultConfigurationIsVisible = 0;
			defaultConfigurationName = Release;
		};
/* End XCConfigurationList section */

/* Begin XCVersionGroup section */
		109E16A62B3DBF0A00A4E5FA /* ListApp5.xcdatamodeld */ = {
			isa = XCVersionGroup;
			children = (
				109E16A72B3DBF0A00A4E5FA /* ListApp5.xcdatamodel */,
			);
			currentVersion = 109E16A72B3DBF0A00A4E5FA /* ListApp5.xcdatamodel */;
			path = ListApp5.xcdatamodeld;
			sourceTree = "<group>";
			versionGroupType = wrapper.xcdatamodel;
		};
/* End XCVersionGroup section */
	};
	rootObject = 10D1E4732B3CA1F200848800 /* Project object */;
}
